
Microsoft Visual Studio Solution File, Format Version 12.00
# Visual Studio Version 17
VisualStudioVersion = 17.0.31903.59
MinimumVisualStudioVersion = 10.0.40219.1
Project("{FAE04EC0-301F-11D3-BF4B-00C04F79EFBC}") = "CalculatorTDD.App", "CalculatorTDD.App\CalculatorTDD.App.csproj", "{356E979D-DB1A-4544-BEA2-E5664949EAA8}"
EndProject
Project("{FAE04EC0-301F-11D3-BF4B-00C04F79EFBC}") = "CalculatorTDD.App.Tests", "calculatortdd.app.tests\CalculatorTDD.App.Tests.csproj", "{1E1BC136-863F-4736-858B-53548F2E8E0D}"
EndProject
Global
	GlobalSection(SolutionConfigurationPlatforms) = preSolution
		Debug|Any CPU = Debug|Any CPU
		Release|Any CPU = Release|Any CPU
	EndGlobalSection
	GlobalSection(SolutionProperties) = preSolution
		HideSolutionNode = FALSE
	EndGlobalSection
	GlobalSection(ProjectConfigurationPlatforms) = postSolution
		{356E979D-DB1A-4544-BEA2-E5664949EAA8}.Debug|Any CPU.ActiveCfg = Debug|Any CPU
		{356E979D-DB1A-4544-BEA2-E5664949EAA8}.Debug|Any CPU.Build.0 = Debug|Any CPU
		{356E979D-DB1A-4544-BEA2-E5664949EAA8}.Release|Any CPU.ActiveCfg = Release|Any CPU
		{356E979D-DB1A-4544-BEA2-E5664949EAA8}.Release|Any CPU.Build.0 = Release|Any CPU
		{1E1BC136-863F-4736-858B-53548F2E8E0D}.Debug|Any CPU.ActiveCfg = Debug|Any CPU
		{1E1BC136-863F-4736-858B-53548F2E8E0D}.Debug|Any CPU.Build.0 = Debug|Any CPU
		{1E1BC136-863F-4736-858B-53548F2E8E0D}.Release|Any CPU.ActiveCfg = Release|Any CPU
		{1E1BC136-863F-4736-858B-53548F2E8E0D}.Release|Any CPU.Build.0 = Release|Any CPU
	EndGlobalSection
EndGlobal
